// !$*UTF8*$!
{
	archiveVersion = 1;
	classes = {
	};
	objectVersion = 46;
	objects = {

/* Begin PBXBuildFile section */
		43B8A683171B321200F7F5D0 /* AnalizadorLexicoSintactico.l in Sources */ = {isa = PBXBuildFile; fileRef = 43B8A682171B321200F7F5D0 /* AnalizadorLexicoSintactico.l */; };
		43B8A685171B321200F7F5D0 /* AnalizadorLexicoSintactico.1 in CopyFiles */ = {isa = PBXBuildFile; fileRef = 43B8A684171B321200F7F5D0 /* AnalizadorLexicoSintactico.1 */; };
/* End PBXBuildFile section */

/* Begin PBXCopyFilesBuildPhase section */
		43B8A67D171B321200F7F5D0 /* CopyFiles */ = {
			isa = PBXCopyFilesBuildPhase;
			buildActionMask = 2147483647;
			dstPath = /usr/share/man/man1/;
			dstSubfolderSpec = 0;
			files = (
				43B8A685171B321200F7F5D0 /* AnalizadorLexicoSintactico.1 in CopyFiles */,
			);
			runOnlyForDeploymentPostprocessing = 1;
		};
/* End PBXCopyFilesBuildPhase section */

/* Begin PBXFileReference section */
		43B8A67F171B321200F7F5D0 /* AnalizadorLexicoSintactico */ = {isa = PBXFileReference; explicitFileType = "compiled.mach-o.executable"; includeInIndex = 0; path = AnalizadorLexicoSintactico; sourceTree = BUILT_PRODUCTS_DIR; };
		43B8A682171B321200F7F5D0 /* AnalizadorLexicoSintactico.l */ = {isa = PBXFileReference; lastKnownFileType = sourcecode.lex; path = AnalizadorLexicoSintactico.l; sourceTree = "<group>"; wrapsLines = 0; };
		43B8A684171B321200F7F5D0 /* AnalizadorLexicoSintactico.1 */ = {isa = PBXFileReference; lastKnownFileType = text.man; path = AnalizadorLexicoSintactico.1; sourceTree = "<group>"; };
		43B8A68B171B3F3B00F7F5D0 /* input.txt */ = {isa = PBXFileReference; lastKnownFileType = text; path = input.txt; sourceTree = "<group>"; };
/* End PBXFileReference section */

/* Begin PBXFrameworksBuildPhase section */
		43B8A67C171B321200F7F5D0 /* Frameworks */ = {
			isa = PBXFrameworksBuildPhase;
			buildActionMask = 2147483647;
			files = (
			);
			runOnlyForDeploymentPostprocessing = 0;
		};
/* End PBXFrameworksBuildPhase section */

/* Begin PBXGroup section */
		43B8A676171B321200F7F5D0 = {
			isa = PBXGroup;
			children = (
				43B8A681171B321200F7F5D0 /* AnalizadorLexicoSintactico */,
				43B8A680171B321200F7F5D0 /* Products */,
			);
			sourceTree = "<group>";
		};
		43B8A680171B321200F7F5D0 /* Products */ = {
			isa = PBXGroup;
			children = (
				43B8A67F171B321200F7F5D0 /* AnalizadorLexicoSintactico */,
			);
			name = Products;
			sourceTree = "<group>";
		};
		43B8A681171B321200F7F5D0 /* AnalizadorLexicoSintactico */ = {
			isa = PBXGroup;
			children = (
				43B8A682171B321200F7F5D0 /* AnalizadorLexicoSintactico.l */,
				43B8A684171B321200F7F5D0 /* AnalizadorLexicoSintactico.1 */,
				43B8A68B171B3F3B00F7F5D0 /* input.txt */,
			);
			path = AnalizadorLexicoSintactico;
			sourceTree = "<group>";
		};
/* End PBXGroup section */

/* Begin PBXNativeTarget section */
		43B8A67E171B321200F7F5D0 /* AnalizadorLexicoSintactico */ = {
			isa = PBXNativeTarget;
			buildConfigurationList = 43B8A688171B321200F7F5D0 /* Build configuration list for PBXNativeTarget "AnalizadorLexicoSintactico" */;
			buildPhases = (
				43B8A67B171B321200F7F5D0 /* Sources */,
				43B8A67C171B321200F7F5D0 /* Frameworks */,
				43B8A67D171B321200F7F5D0 /* CopyFiles */,
			);
			buildRules = (
			);
			dependencies = (
			);
			name = AnalizadorLexicoSintactico;
			productName = AnalizadorLexicoSintactico;
			productReference = 43B8A67F171B321200F7F5D0 /* AnalizadorLexicoSintactico */;
			productType = "com.apple.product-type.tool";
		};
/* End PBXNativeTarget section */

/* Begin PBXProject section */
		43B8A677171B321200F7F5D0 /* Project object */ = {
			isa = PBXProject;
			attributes = {
				LastUpgradeCheck = 0460;
				ORGANIZATIONNAME = "Julio César Guzmán Villanueva";
			};
			buildConfigurationList = 43B8A67A171B321200F7F5D0 /* Build configuration list for PBXProject "AnalizadorLexicoSintactico" */;
			compatibilityVersion = "Xcode 3.2";
			developmentRegion = English;
			hasScannedForEncodings = 0;
			knownRegions = (
				en,
			);
			mainGroup = 43B8A676171B321200F7F5D0;
			productRefGroup = 43B8A680171B321200F7F5D0 /* Products */;
			projectDirPath = "";
			projectRoot = "";
			targets = (
				43B8A67E171B321200F7F5D0 /* AnalizadorLexicoSintactico */,
			);
		};
/* End PBXProject section */

/* Begin PBXSourcesBuildPhase section */
		43B8A67B171B321200F7F5D0 /* Sources */ = {
			isa = PBXSourcesBuildPhase;
			buildActionMask = 2147483647;
			files = (
				43B8A683171B321200F7F5D0 /* AnalizadorLexicoSintactico.l in Sources */,
			);
			runOnlyForDeploymentPostprocessing = 0;
		};
/* End PBXSourcesBuildPhase section */

/* Begin XCBuildConfiguration section */
		43B8A686171B321200F7F5D0 /* Debug */ = {
			isa = XCBuildConfiguration;
			buildSettings = {
				ALWAYS_SEARCH_USER_PATHS = NO;
				ARCHS = "$(ARCHS_STANDARD_64_BIT)";
				CLANG_CXX_LANGUAGE_STANDARD = "gnu++0x";
				CLANG_CXX_LIBRARY = "libc++";
				CLANG_WARN_CONSTANT_CONVERSION = YES;
				CLANG_WARN_EMPTY_BODY = YES;
				CLANG_WARN_ENUM_CONVERSION = YES;
				CLANG_WARN_INT_CONVERSION = YES;
				CLANG_WARN__DUPLICATE_METHOD_MATCH = YES;
				COPY_PHASE_STRIP = NO;
				GCC_C_LANGUAGE_STANDARD = gnu99;
				GCC_DYNAMIC_NO_PIC = NO;
				GCC_ENABLE_OBJC_EXCEPTIONS = YES;
				GCC_OPTIMIZATION_LEVEL = 0;
				GCC_PREPROCESSOR_DEFINITIONS = (
					"DEBUG=1",
					"$(inherited)",
				);
				GCC_SYMBOLS_PRIVATE_EXTERN = NO;
				GCC_WARN_64_TO_32_BIT_CONVERSION = YES;
				GCC_WARN_ABOUT_RETURN_TYPE = YES;
				GCC_WARN_UNINITIALIZED_AUTOS = YES;
				GCC_WARN_UNUSED_VARIABLE = YES;
				MACOSX_DEPLOYMENT_TARGET = 10.8;
				ONLY_ACTIVE_ARCH = YES;
				SDKROOT = macosx;
			};
			name = Debug;
		};
		43B8A687171B321200F7F5D0 /* Release */ = {
			isa = XCBuildConfiguration;
			buildSettings = {
				ALWAYS_SEARCH_USER_PATHS = NO;
				ARCHS = "$(ARCHS_STANDARD_64_BIT)";
				CLANG_CXX_LANGUAGE_STANDARD = "gnu++0x";
				CLANG_CXX_LIBRARY = "libc++";
				CLANG_WARN_CONSTANT_CONVERSION = YES;
				CLANG_WARN_EMPTY_BODY = YES;
				CLANG_WARN_ENUM_CONVERSION = YES;
				CLANG_WARN_INT_CONVERSION = YES;
				CLANG_WARN__DUPLICATE_METHOD_MATCH = YES;
				COPY_PHASE_STRIP = YES;
				DEBUG_INFORMATION_FORMAT = "dwarf-with-dsym";
				GCC_C_LANGUAGE_STANDARD = gnu99;
				GCC_ENABLE_OBJC_EXCEPTIONS = YES;
				GCC_WARN_64_TO_32_BIT_CONVERSION = YES;
				GCC_WARN_ABOUT_RETURN_TYPE = YES;
				GCC_WARN_UNINITIALIZED_AUTOS = YES;
				GCC_WARN_UNUSED_VARIABLE = YES;
				MACOSX_DEPLOYMENT_TARGET = 10.8;
				SDKROOT = macosx;
			};
			name = Release;
		};
		43B8A689171B321200F7F5D0 /* Debug */ = {
			isa = XCBuildConfiguration;
			buildSettings = {
				PRODUCT_NAME = "$(TARGET_NAME)";
			};
			name = Debug;
		};
		43B8A68A171B321200F7F5D0 /* Release */ = {
			isa = XCBuildConfiguration;
			buildSettings = {
				PRODUCT_NAME = "$(TARGET_NAME)";
			};
			name = Release;
		};
/* End XCBuildConfiguration section */

/* Begin XCConfigurationList section */
		43B8A67A171B321200F7F5D0 /* Build configuration list for PBXProject "AnalizadorLexicoSintactico" */ = {
			isa = XCConfigurationList;
			buildConfigurations = (
				43B8A686171B321200F7F5D0 /* Debug */,
				43B8A687171B321200F7F5D0 /* Release */,
			);
			defaultConfigurationIsVisible = 0;
			defaultConfigurationName = Release;
		};
		43B8A688171B321200F7F5D0 /* Build configuration list for PBXNativeTarget "AnalizadorLexicoSintactico" */ = {
			isa = XCConfigurationList;
			buildConfigurations = (
				43B8A689171B321200F7F5D0 /* Debug */,
				43B8A68A171B321200F7F5D0 /* Release */,
			);
			defaultConfigurationIsVisible = 0;
			defaultConfigurationName = Release;
		};
/* End XCConfigurationList section */
	};
	rootObject = 43B8A677171B321200F7F5D0 /* Project object */;
}
